accelerate==1.15.0
agent-detector==2.0.0
aiohappyeyeballs==2.7.1
aiohttp==3.14.3
aiohttp-cors==0.8.1
aiosignal==1.4.0
annotated-doc==0.0.5
annotated-types==0.8.0
antlr4-python3-runtime==4.9.3
anyio==4.15.1
asgiref==3.12.1
asttokens==3.0.2
attrs==26.1.0
av==19.0.0
bcrypt==5.0.0
beautifulsoup4==4.15.0
boto3==1.43.107
botocore==1.43.107
certifi==2026.7.22
cffi==2.1.1
charset-normalizer==3.5.2
click==8.5.0
click-option-group==0.5.7
codeflare-sdk==0.34.0
colorful==0.5.8
colorlog==6.12.0
comm==0.2.3
croniter==6.2.4
cryptography==46.0.3
defusedxml==0.7.1
detect-installer==0.2.1
dill==0.4.1
distlib==0.4.3
dnspython==2.8.0
docling==2.96.1
docling-core==2.78.0
docling-ibm-models==3.13.2
docling-jobkit==1.20.1
docling-mcp==3.2.1
docling-parse==6.2.0
docling-serve==1.21.0
docling-slim==2.96.1
docstring_parser==0.18.0
email-validator==2.3.0
et_xmlfile==2.0.0
executing==1.2.0
Faker==40.40.0
fastapi==0.136.3
fastapi-cli==0.0.32
fastapi-cloud-cli==0.24.0
fastar==0.12.0
filelock==4.0.8
filetype==1.2.0
flatbuffers==25.12.19
frozenlist==1.8.0
fsspec==2026.9.0
google-api-core==2.33.0
google-auth==2.59.1
google-cloud-core==2.8.0
google-cloud-storage==3.16.0
google-crc32c==1.9.0
google-resumable-media==2.11.0
googleapis-common-protos==1.75.0
grpcio==1.84.0
h11==0.16.0
hf-xet==1.6.0
hiredis==3.4.2
httpcore==1.0.9
httpcore2==2.13.1
httptools==0.8.0
httpx==0.28.1
httpx2==2.13.1
huggingface_hub==1.33.0
idna==3.20
importlib_metadata==8.7.1
invoke==3.0.3
ipython==9.17.1
ipython_pygments_lexers==1.1.1
ipywidgets==8.1.2
jedi==0.20.0
Jinja2==3.1.6
jmespath==1.1.0
jsonlines==4.0.0
jsonref==1.1.0
jsonschema==4.26.0
jsonschema-specifications==2025.9.1
jupyterlab_widgets==3.0.17
kfp==2.16.1
kfp-kubernetes==2.16.1
kfp-pipeline-spec==2.17.0
kfp-server-api==2.17.0
kubernetes==30.1.0
latex2mathml==3.81.1
lxml==6.1.3
markdown-it-py==4.2.0
marko==2.2.4
MarkupSafe==3.0.3
matplotlib-inline==0.2.2
mcp==2.2.0
mcp-types==2.2.0
mdurl==0.1.2
ml_dtypes==0.5.4
mpire==2.10.2
mpmath==1.3.0
msgpack==1.2.3
multidict==6.9.1
multiprocess==0.70.19
networkx==3.7
numpy==2.5.3
oauthlib==4.0.0
omegaconf==2.3.1
onnxruntime==1.26.0
opencensus==0.11.4
opencensus-context==0.1.3
opencv-python==5.0.0.93
openpyxl==3.1.5
openshift-client==1.0.18
opentelemetry-api==1.36.0
opentelemetry-exporter-otlp==1.36.0
opentelemetry-exporter-otlp-proto-common==1.36.0
opentelemetry-exporter-otlp-proto-grpc==1.36.0
opentelemetry-exporter-otlp-proto-http==1.36.0
opentelemetry-exporter-prometheus==0.57b0
opentelemetry-instrumentation==0.57b0
opentelemetry-instrumentation-asgi==0.57b0
opentelemetry-instrumentation-fastapi==0.57b0
opentelemetry-proto==1.36.0
opentelemetry-sdk==1.36.0
opentelemetry-semantic-conventions==0.57b0
opentelemetry-util-http==0.57b0
packaging==26.3
pandas==2.3.3
paramiko==5.0.0
parso==0.8.7
peft==0.21.2
pexpect==4.9.0
pillow==12.3.0
platformdirs==4.12.2
pluggy==1.6.0
polyfactory==3.3.0
prometheus_client==0.26.0
prompt_toolkit==3.0.53
propcache==0.5.4
proto-plus==1.28.2
protobuf==6.33.6
psutil==7.2.2
ptyprocess==0.7.0
pure_eval==0.2.4
py-spy==0.4.2
pyarrow==25.0.1
pyasn1==0.6.4
pyasn1_modules==0.4.2
pyclipper==1.4.0
pycparser==3.0
pydantic==2.13.5
pydantic-extra-types==2.11.1
pydantic-settings==2.15.0
pydantic_core==2.46.5
Pygments==2.21.0
PyJWT==2.15.1
pylatexenc==2.11
PyNaCl==1.6.2
pypdfium2==5.13.0
python-dateutil==2.9.0.post0
python-discovery==1.6.1
python-docx==1.2.0
python-dotenv==1.2.4
python-multipart==0.0.32
python-pptx==1.0.2
python-rapidjson==1.25
pytz==2026.4
PyYAML==6.0.3
qwen-vl-utils==0.0.14
rapidocr==3.8.1
ray==2.52.1
redis==7.4.1
referencing==0.37.0
regex==2026.9.29
requests==2.34.2
requests-oauthlib==2.0.0
requests-toolbelt==1.0.0
rich==13.9.4
rich-toolkit==0.20.5
rignore==0.8.1
rpds-py==2026.6.3
rq==2.12.0
rtree==1.4.1
s3transfer==0.19.2
safetensors==0.8.0
scalar-fastapi==1.9.1
scipy==1.18.1
semchunk==3.2.5
sentry-sdk==2.71.0
setuptools==81.0.0
shapely==2.1.2
shellingham==1.5.4
six==1.17.0
smart_open==8.0.2
soupsieve==2.10
sse-starlette==3.5.0
stack-data==0.6.3
starlette==1.7.0
sympy==1.14.0
tabulate==0.10.0
tokenizers==0.22.2
torch==2.12.0+cpu
torchvision==0.27.0+cpu
tqdm==4.70.1
traitlets==5.16.1
transformers==5.9.0
tree-sitter==0.26.0
tree-sitter-c==0.24.2
tree-sitter-javascript==0.25.0
tree-sitter-python==0.25.0
tree-sitter-typescript==0.23.2
tritonclient==2.73.0
truststore==0.10.4
typer==0.21.2
typing-inspection==0.4.4
typing_extensions==4.16.0
tzdata==2026.4
urllib3==2.8.0
uvicorn==0.54.0
uvloop==0.23.0
virtualenv==21.14.2
watchfiles==1.3.0
wcwidth==0.9.1
websocket-client==1.9.2
websockets==16.1.1
widgetsnbextension==4.0.16
wrapt==1.17.3
xlsxwriter==3.2.9
yarl==1.25.1
zipp==4.1.0
